// !$*UTF8*$!
{
	archiveVersion = 1;
	classes = {
	};
	objectVersion = 50;
	objects = {

/* Begin PBXBuildFile section */
		677F896C239503D20075270B /* APIs.swift in Sources */ = {isa = PBXBuildFile; fileRef = 677F896A2394D1E10075270B /* APIs.swift */; };
		6781BF96238BF8AB00B07E7D /* main.swift in Sources */ = {isa = PBXBuildFile; fileRef = 6781BF95238BF8AB00B07E7D /* main.swift */; };
		67D52526238E537A006A5DEA /* efimounter.swift in Sources */ = {isa = PBXBuildFile; fileRef = 67D52525238E537A006A5DEA /* efimounter.swift */; };
		67D52528238E6A10006A5DEA /* efiupdater.swift in Sources */ = {isa = PBXBuildFile; fileRef = 67D52527238E6A10006A5DEA /* efiupdater.swift */; };
		67D694A32397C79E002ACB7B /* efibackup.swift in Sources */ = {isa = PBXBuildFile; fileRef = 67D694A22397C79E002ACB7B /* efibackup.swift */; };
/* End PBXBuildFile section */

/* Begin PBXFileReference section */
		677F896A2394D1E10075270B /* APIs.swift */ = {isa = PBXFileReference; lastKnownFileType = sourcecode.swift; path = APIs.swift; sourceTree = "<group>"; };
		6781BF92238BF8AB00B07E7D /* AnywhereEFI */ = {isa = PBXFileReference; explicitFileType = "compiled.mach-o.executable"; includeInIndex = 0; path = AnywhereEFI; sourceTree = BUILT_PRODUCTS_DIR; };
		6781BF95238BF8AB00B07E7D /* main.swift */ = {isa = PBXFileReference; lastKnownFileType = sourcecode.swift; path = main.swift; sourceTree = "<group>"; };
		67D52525238E537A006A5DEA /* efimounter.swift */ = {isa = PBXFileReference; lastKnownFileType = sourcecode.swift; path = efimounter.swift; sourceTree = "<group>"; };
		67D52527238E6A10006A5DEA /* efiupdater.swift */ = {isa = PBXFileReference; lastKnownFileType = sourcecode.swift; path = efiupdater.swift; sourceTree = "<group>"; };
		67D694A22397C79E002ACB7B /* efibackup.swift */ = {isa = PBXFileReference; lastKnownFileType = sourcecode.swift; path = efibackup.swift; sourceTree = "<group>"; };
/* End PBXFileReference section */

/* Begin PBXGroup section */
		6781BF89238BF8AB00B07E7D = {
			isa = PBXGroup;
			children = (
				6781BF94238BF8AB00B07E7D /* AnywhereEFI */,
				6781BF93238BF8AB00B07E7D /* Products */,
			);
			sourceTree = "<group>";
		};
		6781BF93238BF8AB00B07E7D /* Products */ = {
			isa = PBXGroup;
			children = (
				6781BF92238BF8AB00B07E7D /* AnywhereEFI */,
			);
			name = Products;
			sourceTree = "<group>";
		};
		6781BF94238BF8AB00B07E7D /* AnywhereEFI */ = {
			isa = PBXGroup;
			children = (
				6781BF95238BF8AB00B07E7D /* main.swift */,
				677F896A2394D1E10075270B /* APIs.swift */,
				67D52525238E537A006A5DEA /* efimounter.swift */,
				67D52527238E6A10006A5DEA /* efiupdater.swift */,
				67D694A22397C79E002ACB7B /* efibackup.swift */,
			);
			path = AnywhereEFI;
			sourceTree = "<group>";
		};
/* End PBXGroup section */

/* Begin PBXHeadersBuildPhase section */
		670E39A9239543B300035D2B /* Headers */ = {
			isa = PBXHeadersBuildPhase;
			buildActionMask = 2147483647;
			files = (
			);
			runOnlyForDeploymentPostprocessing = 0;
		};
/* End PBXHeadersBuildPhase section */

/* Begin PBXNativeTarget section */
		6781BF91238BF8AB00B07E7D /* AnywhereEFI */ = {
			isa = PBXNativeTarget;
			buildConfigurationList = 6781BF99238BF8AB00B07E7D /* Build configuration list for PBXNativeTarget "AnywhereEFI" */;
			buildPhases = (
				6781BF8E238BF8AB00B07E7D /* Sources */,
				670E39A9239543B300035D2B /* Headers */,
			);
			buildRules = (
			);
			dependencies = (
			);
			name = AnywhereEFI;
			productName = efimount;
			productReference = 6781BF92238BF8AB00B07E7D /* AnywhereEFI */;
			productType = "com.apple.product-type.tool";
		};
/* End PBXNativeTarget section */

/* Begin PBXProject section */
		6781BF8A238BF8AB00B07E7D /* Project object */ = {
			isa = PBXProject;
			attributes = {
				LastSwiftUpdateCheck = 0930;
				LastUpgradeCheck = 0930;
				ORGANIZATIONNAME = PHBZ;
				TargetAttributes = {
					6781BF91238BF8AB00B07E7D = {
						CreatedOnToolsVersion = 9.3.1;
						LastSwiftMigration = 0930;
					};
				};
			};
			buildConfigurationList = 6781BF8D238BF8AB00B07E7D /* Build configuration list for PBXProject "AnywhereEFI" */;
			compatibilityVersion = "Xcode 9.3";
			developmentRegion = en;
			hasScannedForEncodings = 0;
			knownRegions = (
				en,
			);
			mainGroup = 6781BF89238BF8AB00B07E7D;
			productRefGroup = 6781BF93238BF8AB00B07E7D /* Products */;
			projectDirPath = "";
			projectRoot = "";
			targets = (
				6781BF91238BF8AB00B07E7D /* AnywhereEFI */,
			);
		};
/* End PBXProject section */

/* Begin PBXSourcesBuildPhase section */
		6781BF8E238BF8AB00B07E7D /* Sources */ = {
			isa = PBXSourcesBuildPhase;
			buildActionMask = 2147483647;
			files = (
				67D52528238E6A10006A5DEA /* efiupdater.swift in Sources */,
				6781BF96238BF8AB00B07E7D /* main.swift in Sources */,
				677F896C239503D20075270B /* APIs.swift in Sources */,
				67D694A32397C79E002ACB7B /* efibackup.swift in Sources */,
				67D52526238E537A006A5DEA /* efimounter.swift in Sources */,
			);
			runOnlyForDeploymentPostprocessing = 0;
		};
/* End PBXSourcesBuildPhase section */

/* Begin XCBuildConfiguration section */
		6781BF97238BF8AB00B07E7D /* Debug */ = {
			isa = XCBuildConfiguration;
			buildSettings = {
				ALWAYS_SEARCH_USER_PATHS = NO;
				CLANG_ANALYZER_NONNULL = YES;
				CLANG_ANALYZER_NUMBER_OBJECT_CONVERSION = YES_AGGRESSIVE;
				CLANG_CXX_LANGUAGE_STANDARD = "gnu++14";
				CLANG_CXX_LIBRARY = "libc++";
				CLANG_ENABLE_MODULES = YES;
				CLANG_ENABLE_OBJC_ARC = YES;
				CLANG_ENABLE_OBJC_WEAK = YES;
				CLANG_WARN_BLOCK_CAPTURE_AUTORELEASING = YES;
				CLANG_WARN_BOOL_CONVERSION = YES;
				CLANG_WARN_COMMA = YES;
				CLANG_WARN_CONSTANT_CONVERSION = YES;
				CLANG_WARN_DEPRECATED_OBJC_IMPLEMENTATIONS = YES;
				CLANG_WARN_DIRECT_OBJC_ISA_USAGE = YES_ERROR;
				CLANG_WARN_DOCUMENTATION_COMMENTS = YES;
				CLANG_WARN_EMPTY_BODY = YES;
				CLANG_WARN_ENUM_CONVERSION = YES;
				CLANG_WARN_INFINITE_RECURSION = YES;
				CLANG_WARN_INT_CONVERSION = YES;
				CLANG_WARN_NON_LITERAL_NULL_CONVERSION = YES;
				CLANG_WARN_OBJC_IMPLICIT_RETAIN_SELF = YES;
				CLANG_WARN_OBJC_LITERAL_CONVERSION = YES;
				CLANG_WARN_OBJC_ROOT_CLASS = YES_ERROR;
				CLANG_WARN_RANGE_LOOP_ANALYSIS = YES;
				CLANG_WARN_STRICT_PROTOTYPES = YES;
				CLANG_WARN_SUSPICIOUS_MOVE = YES;
				CLANG_WARN_UNGUARDED_AVAILABILITY = YES_AGGRESSIVE;
				CLANG_WARN_UNREACHABLE_CODE = YES;
				CLANG_WARN__DUPLICATE_METHOD_MATCH = YES;
				CODE_SIGN_IDENTITY = "-";
				COPY_PHASE_STRIP = NO;
				DEBUG_INFORMATION_FORMAT = dwarf;
				ENABLE_STRICT_OBJC_MSGSEND = YES;
				ENABLE_TESTABILITY = YES;
				GCC_C_LANGUAGE_STANDARD = gnu11;
				GCC_DYNAMIC_NO_PIC = NO;
				GCC_NO_COMMON_BLOCKS = YES;
				GCC_OPTIMIZATION_LEVEL = 0;
				GCC_PREPROCESSOR_DEFINITIONS = (
					"DEBUG=1",
					"$(inherited)",
				);
				GCC_WARN_64_TO_32_BIT_CONVERSION = YES;
				GCC_WARN_ABOUT_RETURN_TYPE = YES_ERROR;
				GCC_WARN_UNDECLARED_SELECTOR = YES;
				GCC_WARN_UNINITIALIZED_AUTOS = YES_AGGRESSIVE;
				GCC_WARN_UNUSED_FUNCTION = YES;
				GCC_WARN_UNUSED_VARIABLE = YES;
				MACOSX_DEPLOYMENT_TARGET = 10.13;
				MTL_ENABLE_DEBUG_INFO = YES;
				ONLY_ACTIVE_ARCH = YES;
				SDKROOT = macosx;
				SWIFT_ACTIVE_COMPILATION_CONDITIONS = DEBUG;
				SWIFT_OPTIMIZATION_LEVEL = "-Onone";
			};
			name = Debug;
		};
		6781BF98238BF8AB00B07E7D /* Release */ = {
			isa = XCBuildConfiguration;
			buildSettings = {
				ALWAYS_SEARCH_USER_PATHS = NO;
				CLANG_ANALYZER_NONNULL = YES;
				CLANG_ANALYZER_NUMBER_OBJECT_CONVERSION = YES_AGGRESSIVE;
				CLANG_CXX_LANGUAGE_STANDARD = "gnu++14";
				CLANG_CXX_LIBRARY = "libc++";
				CLANG_ENABLE_MODULES = YES;
				CLANG_ENABLE_OBJC_ARC = YES;
				CLANG_ENABLE_OBJC_WEAK = YES;
				CLANG_WARN_BLOCK_CAPTURE_AUTORELEASING = YES;
				CLANG_WARN_BOOL_CONVERSION = YES;
				CLANG_WARN_COMMA = YES;
				CLANG_WARN_CONSTANT_CONVERSION = YES;
				CLANG_WARN_DEPRECATED_OBJC_IMPLEMENTATIONS = YES;
				CLANG_WARN_DIRECT_OBJC_ISA_USAGE = YES_ERROR;
				CLANG_WARN_DOCUMENTATION_COMMENTS = YES;
				CLANG_WARN_EMPTY_BODY = YES;
				CLANG_WARN_ENUM_CONVERSION = YES;
				CLANG_WARN_INFINITE_RECURSION = YES;
				CLANG_WARN_INT_CONVERSION = YES;
				CLANG_WARN_NON_LITERAL_NULL_CONVERSION = YES;
				CLANG_WARN_OBJC_IMPLICIT_RETAIN_SELF = YES;
				CLANG_WARN_OBJC_LITERAL_CONVERSION = YES;
				CLANG_WARN_OBJC_ROOT_CLASS = YES_ERROR;
				CLANG_WARN_RANGE_LOOP_ANALYSIS = YES;
				CLANG_WARN_STRICT_PROTOTYPES = YES;
				CLANG_WARN_SUSPICIOUS_MOVE = YES;
				CLANG_WARN_UNGUARDED_AVAILABILITY = YES_AGGRESSIVE;
				CLANG_WARN_UNREACHABLE_CODE = YES;
				CLANG_WARN__DUPLICATE_METHOD_MATCH = YES;
				CODE_SIGN_IDENTITY = "-";
				COPY_PHASE_STRIP = NO;
				DEBUG_INFORMATION_FORMAT = "dwarf-with-dsym";
				ENABLE_NS_ASSERTIONS = NO;
				ENABLE_STRICT_OBJC_MSGSEND = YES;
				GCC_C_LANGUAGE_STANDARD = gnu11;
				GCC_NO_COMMON_BLOCKS = YES;
				GCC_WARN_64_TO_32_BIT_CONVERSION = YES;
				GCC_WARN_ABOUT_RETURN_TYPE = YES_ERROR;
				GCC_WARN_UNDECLARED_SELECTOR = YES;
				GCC_WARN_UNINITIALIZED_AUTOS = YES_AGGRESSIVE;
				GCC_WARN_UNUSED_FUNCTION = YES;
				GCC_WARN_UNUSED_VARIABLE = YES;
				MACOSX_DEPLOYMENT_TARGET = 10.13;
				MTL_ENABLE_DEBUG_INFO = NO;
				SDKROOT = macosx;
				SWIFT_COMPILATION_MODE = wholemodule;
				SWIFT_OPTIMIZATION_LEVEL = "-O";
			};
			name = Release;
		};
		6781BF9A238BF8AB00B07E7D /* Debug */ = {
			isa = XCBuildConfiguration;
			buildSettings = {
				CLANG_ENABLE_MODULES = YES;
				CODE_SIGN_STYLE = Automatic;
				LD_RUNPATH_SEARCH_PATHS = (
					"$(inherited)",
					"@executable_path/../Frameworks",
					"@loader_path/../Frameworks",
				);
				PRODUCT_NAME = "$(TARGET_NAME)";
				SWIFT_OBJC_BRIDGING_HEADER = "";
				SWIFT_OPTIMIZATION_LEVEL = "-Onone";
				SWIFT_VERSION = 4.0;
			};
			name = Debug;
		};
		6781BF9B238BF8AB00B07E7D /* Release */ = {
			isa = XCBuildConfiguration;
			buildSettings = {
				CLANG_ENABLE_MODULES = YES;
				CODE_SIGN_STYLE = Automatic;
				LD_RUNPATH_SEARCH_PATHS = (
					"$(inherited)",
					"@executable_path/../Frameworks",
					"@loader_path/../Frameworks",
				);
				PRODUCT_NAME = "$(TARGET_NAME)";
				SWIFT_OBJC_BRIDGING_HEADER = "";
				SWIFT_VERSION = 4.0;
			};
			name = Release;
		};
/* End XCBuildConfiguration section */

/* Begin XCConfigurationList section */
		6781BF8D238BF8AB00B07E7D /* Build configuration list for PBXProject "AnywhereEFI" */ = {
			isa = XCConfigurationList;
			buildConfigurations = (
				6781BF97238BF8AB00B07E7D /* Debug */,
				6781BF98238BF8AB00B07E7D /* Release */,
			);
			defaultConfigurationIsVisible = 0;
			defaultConfigurationName = Release;
		};
		6781BF99238BF8AB00B07E7D /* Build configuration list for PBXNativeTarget "AnywhereEFI" */ = {
			isa = XCConfigurationList;
			buildConfigurations = (
				6781BF9A238BF8AB00B07E7D /* Debug */,
				6781BF9B238BF8AB00B07E7D /* Release */,
			);
			defaultConfigurationIsVisible = 0;
			defaultConfigurationName = Release;
		};
/* End XCConfigurationList section */
	};
	rootObject = 6781BF8A238BF8AB00B07E7D /* Project object */;
}
